
Microsoft Visual Studio Solution File, Format Version 12.00
# Visual Studio Version 17
VisualStudioVersion = 17.0.32126.317
MinimumVisualStudioVersion = 10.0.40219.1
Project("{9A19103F-16F7-4668-BE54-9A1E7A4F7556}") = "MegaMediaMarket", "SiteASP\MegaMediaMarket.csproj", "{51D83D54-DBD1-42F0-92FB-766FC9E4ADDC}"
EndProject
Project("{9A19103F-16F7-4668-BE54-9A1E7A4F7556}") = "MegaMediaMarket.Tests", "SiteASPCom.Tests\MegaMediaMarket.Tests.csproj", "{A0427BCD-167A-4E88-B82F-75A43412BE8A}"
EndProject
Project("{2150E333-8FDC-42A3-9474-1A3956D46DE8}") = "Solution Items", "Solution Items", "{DA575AE8-4E1D-4809-A35B-F725C1436C07}"
	ProjectSection(SolutionItems) = preProject
		.editorconfig = .editorconfig
	EndProjectSection
EndProject
Global
	GlobalSection(SolutionConfigurationPlatforms) = preSolution
		Debug|Any CPU = Debug|Any CPU
		Release|Any CPU = Release|Any CPU
	EndGlobalSection
	GlobalSection(ProjectConfigurationPlatforms) = postSolution
		{51D83D54-DBD1-42F0-92FB-766FC9E4ADDC}.Debug|Any CPU.ActiveCfg = Debug|Any CPU
		{51D83D54-DBD1-42F0-92FB-766FC9E4ADDC}.Debug|Any CPU.Build.0 = Debug|Any CPU
		{51D83D54-DBD1-42F0-92FB-766FC9E4ADDC}.Release|Any CPU.ActiveCfg = Release|Any CPU
		{51D83D54-DBD1-42F0-92FB-766FC9E4ADDC}.Release|Any CPU.Build.0 = Release|Any CPU
		{A0427BCD-167A-4E88-B82F-75A43412BE8A}.Debug|Any CPU.ActiveCfg = Debug|Any CPU
		{A0427BCD-167A-4E88-B82F-75A43412BE8A}.Debug|Any CPU.Build.0 = Debug|Any CPU
		{A0427BCD-167A-4E88-B82F-75A43412BE8A}.Release|Any CPU.ActiveCfg = Release|Any CPU
		{A0427BCD-167A-4E88-B82F-75A43412BE8A}.Release|Any CPU.Build.0 = Release|Any CPU
	EndGlobalSection
	GlobalSection(SolutionProperties) = preSolution
		HideSolutionNode = FALSE
	EndGlobalSection
	GlobalSection(ExtensibilityGlobals) = postSolution
		SolutionGuid = {C1C1972A-1CF0-455A-9A37-C13C186A3960}
	EndGlobalSection
EndGlobal
